# THIS IS AN AUTOGENERATED FILE. DO NOT EDIT THIS FILE DIRECTLY.
# yarn lockfile v1


"@jkcfg/kubernetes@^0.5.1":
  version "0.5.1"
  resolved "https://registry.yarnpkg.com/@jkcfg/kubernetes/-/kubernetes-0.5.1.tgz#dcbc32d93144bd18dcf6eaf3ef06fa3e1757e021"
  integrity sha512-r+RNAL4psXg81+DewfpAwnXZoJqbZkSvTIcy8OnCxLFUkQAHsI5O81+8PQr6LN3foyicBMgJ+EcuUE0aGacCwA==
  dependencies:
    "@jkcfg/std" "^0.3.0"

"@jkcfg/std@^0.3.0":
  version "0.3.2"
  resolved "https://registry.yarnpkg.com/@jkcfg/std/-/std-0.3.2.tgz#9e3e30815716a727274fffd4c0193cd5517a06a8"
  integrity sha512-bdJs88KZE2GSlkY2/eVn7fUi9o022urWWUqw7JAyMZNyQaOhkSAzn2TfU/Bp63P0pwbMPqEbmcrTq6oSMOlmqQ==
